// !$*UTF8*$!
{
	archiveVersion = 1;
	classes = {
	};
	objectVersion = 56;
	objects = {

/* Begin PBXBuildFile section */
		6663C1EA2A0270BB00912D8F /* main.swift in Sources */ = {isa = PBXBuildFile; fileRef = 6663C1E92A0270BB00912D8F /* main.swift */; };
		6663C1F32A0272CA00912D8F /* Human.swift in Sources */ = {isa = PBXBuildFile; fileRef = 6663C1F22A0272CA00912D8F /* Human.swift */; };
		6663C1F52A0274E800912D8F /* Person.swift in Sources */ = {isa = PBXBuildFile; fileRef = 6663C1F42A0274E800912D8F /* Person.swift */; };
		6663C1F72A02751800912D8F /* Child.swift in Sources */ = {isa = PBXBuildFile; fileRef = 6663C1F62A02751800912D8F /* Child.swift */; };
		6663C1F92A02753A00912D8F /* Gender.swift in Sources */ = {isa = PBXBuildFile; fileRef = 6663C1F82A02753A00912D8F /* Gender.swift */; };
		6663C1FD2A0283D700912D8F /* MainController.swift in Sources */ = {isa = PBXBuildFile; fileRef = 6663C1FC2A0283D700912D8F /* MainController.swift */; };
/* End PBXBuildFile section */

/* Begin PBXCopyFilesBuildPhase section */
		6663C1E42A0270BB00912D8F /* CopyFiles */ = {
			isa = PBXCopyFilesBuildPhase;
			buildActionMask = 2147483647;
			dstPath = /usr/share/man/man1/;
			dstSubfolderSpec = 0;
			files = (
			);
			runOnlyForDeploymentPostprocessing = 1;
		};
/* End PBXCopyFilesBuildPhase section */

/* Begin PBXFileReference section */
		6663C1E62A0270BB00912D8F /* IdapOOP */ = {isa = PBXFileReference; explicitFileType = "compiled.mach-o.executable"; includeInIndex = 0; path = IdapOOP; sourceTree = BUILT_PRODUCTS_DIR; };
		6663C1E92A0270BB00912D8F /* main.swift */ = {isa = PBXFileReference; lastKnownFileType = sourcecode.swift; path = main.swift; sourceTree = "<group>"; };
		6663C1F22A0272CA00912D8F /* Human.swift */ = {isa = PBXFileReference; lastKnownFileType = sourcecode.swift; path = Human.swift; sourceTree = "<group>"; };
		6663C1F42A0274E800912D8F /* Person.swift */ = {isa = PBXFileReference; lastKnownFileType = sourcecode.swift; path = Person.swift; sourceTree = "<group>"; };
		6663C1F62A02751800912D8F /* Child.swift */ = {isa = PBXFileReference; lastKnownFileType = sourcecode.swift; path = Child.swift; sourceTree = "<group>"; };
		6663C1F82A02753A00912D8F /* Gender.swift */ = {isa = PBXFileReference; lastKnownFileType = sourcecode.swift; path = Gender.swift; sourceTree = "<group>"; };
		6663C1FC2A0283D700912D8F /* MainController.swift */ = {isa = PBXFileReference; lastKnownFileType = sourcecode.swift; path = MainController.swift; sourceTree = "<group>"; };
/* End PBXFileReference section */

/* Begin PBXFrameworksBuildPhase section */
		6663C1E32A0270BB00912D8F /* Frameworks */ = {
			isa = PBXFrameworksBuildPhase;
			buildActionMask = 2147483647;
			files = (
			);
			runOnlyForDeploymentPostprocessing = 0;
		};
/* End PBXFrameworksBuildPhase section */

/* Begin PBXGroup section */
		6663C1DD2A0270BB00912D8F = {
			isa = PBXGroup;
			children = (
				6663C1E82A0270BB00912D8F /* IdapOOP */,
				6663C1E72A0270BB00912D8F /* Products */,
			);
			sourceTree = "<group>";
		};
		6663C1E72A0270BB00912D8F /* Products */ = {
			isa = PBXGroup;
			children = (
				6663C1E62A0270BB00912D8F /* IdapOOP */,
			);
			name = Products;
			sourceTree = "<group>";
		};
		6663C1E82A0270BB00912D8F /* IdapOOP */ = {
			isa = PBXGroup;
			children = (
				6663C1E92A0270BB00912D8F /* main.swift */,
				6663C1FE2A0286EA00912D8F /* idap */,
				6663C1F12A0270E700912D8F /* Controllers */,
				6663C1F02A0270E000912D8F /* Models */,
			);
			path = IdapOOP;
			sourceTree = "<group>";
		};
		6663C1F02A0270E000912D8F /* Models */ = {
			isa = PBXGroup;
			children = (
				6663C1F22A0272CA00912D8F /* Human.swift */,
				6663C1F42A0274E800912D8F /* Person.swift */,
				6663C1F62A02751800912D8F /* Child.swift */,
				6663C1F82A02753A00912D8F /* Gender.swift */,
			);
			path = Models;
			sourceTree = "<group>";
		};
		6663C1F12A0270E700912D8F /* Controllers */ = {
			isa = PBXGroup;
			children = (
				6663C1FC2A0283D700912D8F /* MainController.swift */,
			);
			path = Controllers;
			sourceTree = "<group>";
		};
		6663C1FE2A0286EA00912D8F /* idap */ = {
			isa = PBXGroup;
			children = (
			);
			path = idap;
			sourceTree = "<group>";
		};
/* End PBXGroup section */

/* Begin PBXNativeTarget section */
		6663C1E52A0270BB00912D8F /* IdapOOP */ = {
			isa = PBXNativeTarget;
			buildConfigurationList = 6663C1ED2A0270BB00912D8F /* Build configuration list for PBXNativeTarget "IdapOOP" */;
			buildPhases = (
				6663C1E22A0270BB00912D8F /* Sources */,
				6663C1E32A0270BB00912D8F /* Frameworks */,
				6663C1E42A0270BB00912D8F /* CopyFiles */,
			);
			buildRules = (
			);
			dependencies = (
			);
			name = IdapOOP;
			productName = "idap-oop";
			productReference = 6663C1E62A0270BB00912D8F /* IdapOOP */;
			productType = "com.apple.product-type.tool";
		};
/* End PBXNativeTarget section */

/* Begin PBXProject section */
		6663C1DE2A0270BB00912D8F /* Project object */ = {
			isa = PBXProject;
			attributes = {
				BuildIndependentTargetsInParallel = 1;
				LastSwiftUpdateCheck = 1430;
				LastUpgradeCheck = 1430;
				TargetAttributes = {
					6663C1E52A0270BB00912D8F = {
						CreatedOnToolsVersion = 14.3;
					};
				};
			};
			buildConfigurationList = 6663C1E12A0270BB00912D8F /* Build configuration list for PBXProject "IdapOOP" */;
			compatibilityVersion = "Xcode 14.0";
			developmentRegion = en;
			hasScannedForEncodings = 0;
			knownRegions = (
				en,
				Base,
			);
			mainGroup = 6663C1DD2A0270BB00912D8F;
			productRefGroup = 6663C1E72A0270BB00912D8F /* Products */;
			projectDirPath = "";
			projectRoot = "";
			targets = (
				6663C1E52A0270BB00912D8F /* IdapOOP */,
			);
		};
/* End PBXProject section */

/* Begin PBXSourcesBuildPhase section */
		6663C1E22A0270BB00912D8F /* Sources */ = {
			isa = PBXSourcesBuildPhase;
			buildActionMask = 2147483647;
			files = (
				6663C1F52A0274E800912D8F /* Person.swift in Sources */,
				6663C1F92A02753A00912D8F /* Gender.swift in Sources */,
				6663C1EA2A0270BB00912D8F /* main.swift in Sources */,
				6663C1F72A02751800912D8F /* Child.swift in Sources */,
				6663C1FD2A0283D700912D8F /* MainController.swift in Sources */,
				6663C1F32A0272CA00912D8F /* Human.swift in Sources */,
			);
			runOnlyForDeploymentPostprocessing = 0;
		};
/* End PBXSourcesBuildPhase section */

/* Begin XCBuildConfiguration section */
		6663C1EB2A0270BB00912D8F /* Debug */ = {
			isa = XCBuildConfiguration;
			buildSettings = {
				ALWAYS_SEARCH_USER_PATHS = NO;
				CLANG_ANALYZER_NONNULL = YES;
				CLANG_ANALYZER_NUMBER_OBJECT_CONVERSION = YES_AGGRESSIVE;
				CLANG_CXX_LANGUAGE_STANDARD = "gnu++20";
				CLANG_ENABLE_MODULES = YES;
				CLANG_ENABLE_OBJC_ARC = YES;
				CLANG_ENABLE_OBJC_WEAK = YES;
				CLANG_WARN_BLOCK_CAPTURE_AUTORELEASING = YES;
				CLANG_WARN_BOOL_CONVERSION = YES;
				CLANG_WARN_COMMA = YES;
				CLANG_WARN_CONSTANT_CONVERSION = YES;
				CLANG_WARN_DEPRECATED_OBJC_IMPLEMENTATIONS = YES;
				CLANG_WARN_DIRECT_OBJC_ISA_USAGE = YES_ERROR;
				CLANG_WARN_DOCUMENTATION_COMMENTS = YES;
				CLANG_WARN_EMPTY_BODY = YES;
				CLANG_WARN_ENUM_CONVERSION = YES;
				CLANG_WARN_INFINITE_RECURSION = YES;
				CLANG_WARN_INT_CONVERSION = YES;
				CLANG_WARN_NON_LITERAL_NULL_CONVERSION = YES;
				CLANG_WARN_OBJC_IMPLICIT_RETAIN_SELF = YES;
				CLANG_WARN_OBJC_LITERAL_CONVERSION = YES;
				CLANG_WARN_OBJC_ROOT_CLASS = YES_ERROR;
				CLANG_WARN_QUOTED_INCLUDE_IN_FRAMEWORK_HEADER = YES;
				CLANG_WARN_RANGE_LOOP_ANALYSIS = YES;
				CLANG_WARN_STRICT_PROTOTYPES = YES;
				CLANG_WARN_SUSPICIOUS_MOVE = YES;
				CLANG_WARN_UNGUARDED_AVAILABILITY = YES_AGGRESSIVE;
				CLANG_WARN_UNREACHABLE_CODE = YES;
				CLANG_WARN__DUPLICATE_METHOD_MATCH = YES;
				COPY_PHASE_STRIP = NO;
				DEBUG_INFORMATION_FORMAT = dwarf;
				ENABLE_STRICT_OBJC_MSGSEND = YES;
				ENABLE_TESTABILITY = YES;
				GCC_C_LANGUAGE_STANDARD = gnu11;
				GCC_DYNAMIC_NO_PIC = NO;
				GCC_NO_COMMON_BLOCKS = YES;
				GCC_OPTIMIZATION_LEVEL = 0;
				GCC_PREPROCESSOR_DEFINITIONS = (
					"DEBUG=1",
					"$(inherited)",
				);
				GCC_WARN_64_TO_32_BIT_CONVERSION = YES;
				GCC_WARN_ABOUT_RETURN_TYPE = YES_ERROR;
				GCC_WARN_UNDECLARED_SELECTOR = YES;
				GCC_WARN_UNINITIALIZED_AUTOS = YES_AGGRESSIVE;
				GCC_WARN_UNUSED_FUNCTION = YES;
				GCC_WARN_UNUSED_VARIABLE = YES;
				MACOSX_DEPLOYMENT_TARGET = 13.2;
				MTL_ENABLE_DEBUG_INFO = INCLUDE_SOURCE;
				MTL_FAST_MATH = YES;
				ONLY_ACTIVE_ARCH = YES;
				SDKROOT = macosx;
				SWIFT_ACTIVE_COMPILATION_CONDITIONS = DEBUG;
				SWIFT_OPTIMIZATION_LEVEL = "-Onone";
			};
			name = Debug;
		};
		6663C1EC2A0270BB00912D8F /* Release */ = {
			isa = XCBuildConfiguration;
			buildSettings = {
				ALWAYS_SEARCH_USER_PATHS = NO;
				CLANG_ANALYZER_NONNULL = YES;
				CLANG_ANALYZER_NUMBER_OBJECT_CONVERSION = YES_AGGRESSIVE;
				CLANG_CXX_LANGUAGE_STANDARD = "gnu++20";
				CLANG_ENABLE_MODULES = YES;
				CLANG_ENABLE_OBJC_ARC = YES;
				CLANG_ENABLE_OBJC_WEAK = YES;
				CLANG_WARN_BLOCK_CAPTURE_AUTORELEASING = YES;
				CLANG_WARN_BOOL_CONVERSION = YES;
				CLANG_WARN_COMMA = YES;
				CLANG_WARN_CONSTANT_CONVERSION = YES;
				CLANG_WARN_DEPRECATED_OBJC_IMPLEMENTATIONS = YES;
				CLANG_WARN_DIRECT_OBJC_ISA_USAGE = YES_ERROR;
				CLANG_WARN_DOCUMENTATION_COMMENTS = YES;
				CLANG_WARN_EMPTY_BODY = YES;
				CLANG_WARN_ENUM_CONVERSION = YES;
				CLANG_WARN_INFINITE_RECURSION = YES;
				CLANG_WARN_INT_CONVERSION = YES;
				CLANG_WARN_NON_LITERAL_NULL_CONVERSION = YES;
				CLANG_WARN_OBJC_IMPLICIT_RETAIN_SELF = YES;
				CLANG_WARN_OBJC_LITERAL_CONVERSION = YES;
				CLANG_WARN_OBJC_ROOT_CLASS = YES_ERROR;
				CLANG_WARN_QUOTED_INCLUDE_IN_FRAMEWORK_HEADER = YES;
				CLANG_WARN_RANGE_LOOP_ANALYSIS = YES;
				CLANG_WARN_STRICT_PROTOTYPES = YES;
				CLANG_WARN_SUSPICIOUS_MOVE = YES;
				CLANG_WARN_UNGUARDED_AVAILABILITY = YES_AGGRESSIVE;
				CLANG_WARN_UNREACHABLE_CODE = YES;
				CLANG_WARN__DUPLICATE_METHOD_MATCH = YES;
				COPY_PHASE_STRIP = NO;
				DEBUG_INFORMATION_FORMAT = "dwarf-with-dsym";
				ENABLE_NS_ASSERTIONS = NO;
				ENABLE_STRICT_OBJC_MSGSEND = YES;
				GCC_C_LANGUAGE_STANDARD = gnu11;
				GCC_NO_COMMON_BLOCKS = YES;
				GCC_WARN_64_TO_32_BIT_CONVERSION = YES;
				GCC_WARN_ABOUT_RETURN_TYPE = YES_ERROR;
				GCC_WARN_UNDECLARED_SELECTOR = YES;
				GCC_WARN_UNINITIALIZED_AUTOS = YES_AGGRESSIVE;
				GCC_WARN_UNUSED_FUNCTION = YES;
				GCC_WARN_UNUSED_VARIABLE = YES;
				MACOSX_DEPLOYMENT_TARGET = 13.2;
				MTL_ENABLE_DEBUG_INFO = NO;
				MTL_FAST_MATH = YES;
				SDKROOT = macosx;
				SWIFT_COMPILATION_MODE = wholemodule;
				SWIFT_OPTIMIZATION_LEVEL = "-O";
			};
			name = Release;
		};
		6663C1EE2A0270BB00912D8F /* Debug */ = {
			isa = XCBuildConfiguration;
			buildSettings = {
				CODE_SIGN_STYLE = Automatic;
				DEVELOPMENT_TEAM = ST823QU25Q;
				ENABLE_HARDENED_RUNTIME = YES;
				PRODUCT_NAME = "$(TARGET_NAME)";
				SWIFT_VERSION = 5.0;
			};
			name = Debug;
		};
		6663C1EF2A0270BB00912D8F /* Release */ = {
			isa = XCBuildConfiguration;
			buildSettings = {
				CODE_SIGN_STYLE = Automatic;
				DEVELOPMENT_TEAM = ST823QU25Q;
				ENABLE_HARDENED_RUNTIME = YES;
				PRODUCT_NAME = "$(TARGET_NAME)";
				SWIFT_VERSION = 5.0;
			};
			name = Release;
		};
/* End XCBuildConfiguration section */

/* Begin XCConfigurationList section */
		6663C1E12A0270BB00912D8F /* Build configuration list for PBXProject "IdapOOP" */ = {
			isa = XCConfigurationList;
			buildConfigurations = (
				6663C1EB2A0270BB00912D8F /* Debug */,
				6663C1EC2A0270BB00912D8F /* Release */,
			);
			defaultConfigurationIsVisible = 0;
			defaultConfigurationName = Release;
		};
		6663C1ED2A0270BB00912D8F /* Build configuration list for PBXNativeTarget "IdapOOP" */ = {
			isa = XCConfigurationList;
			buildConfigurations = (
				6663C1EE2A0270BB00912D8F /* Debug */,
				6663C1EF2A0270BB00912D8F /* Release */,
			);
			defaultConfigurationIsVisible = 0;
			defaultConfigurationName = Release;
		};
/* End XCConfigurationList section */
	};
	rootObject = 6663C1DE2A0270BB00912D8F /* Project object */;
}
