// !$*UTF8*$!
{
	archiveVersion = 1;
	classes = {
	};
	objectVersion = 56;
	objects = {

/* Begin PBXBuildFile section */
		660B16AB2A0957490054A7AF /* Car.swift in Sources */ = {isa = PBXBuildFile; fileRef = 660B16AA2A0957490054A7AF /* Car.swift */; };
		660B16AD2A0957600054A7AF /* CarWash.swift in Sources */ = {isa = PBXBuildFile; fileRef = 660B16AC2A0957600054A7AF /* CarWash.swift */; };
		660B16AF2A0957890054A7AF /* Money.swift in Sources */ = {isa = PBXBuildFile; fileRef = 660B16AE2A0957890054A7AF /* Money.swift */; };
		66502E2E2A0AAC9000159B1B /* Weak.swift in Sources */ = {isa = PBXBuildFile; fileRef = 66502E2D2A0AAC9000159B1B /* Weak.swift */; };
		66502E302A0B79BE00159B1B /* TradeSafeObservers.swift in Sources */ = {isa = PBXBuildFile; fileRef = 66502E2F2A0B79BE00159B1B /* TradeSafeObservers.swift */; };
		66D57C712A0919200055F58A /* AppDelegate.swift in Sources */ = {isa = PBXBuildFile; fileRef = 66D57C702A0919200055F58A /* AppDelegate.swift */; };
		66D57C732A0919200055F58A /* SceneDelegate.swift in Sources */ = {isa = PBXBuildFile; fileRef = 66D57C722A0919200055F58A /* SceneDelegate.swift */; };
		66D57C752A0919200055F58A /* ViewController.swift in Sources */ = {isa = PBXBuildFile; fileRef = 66D57C742A0919200055F58A /* ViewController.swift */; };
		66D57C782A0919200055F58A /* Main.storyboard in Resources */ = {isa = PBXBuildFile; fileRef = 66D57C762A0919200055F58A /* Main.storyboard */; };
		66D57C7A2A0919220055F58A /* Assets.xcassets in Resources */ = {isa = PBXBuildFile; fileRef = 66D57C792A0919220055F58A /* Assets.xcassets */; };
		66D57C7D2A0919220055F58A /* LaunchScreen.storyboard in Resources */ = {isa = PBXBuildFile; fileRef = 66D57C7B2A0919220055F58A /* LaunchScreen.storyboard */; };
		66D57C882A0919220055F58A /* IDAP_observerTests.swift in Sources */ = {isa = PBXBuildFile; fileRef = 66D57C872A0919220055F58A /* IDAP_observerTests.swift */; };
		66D57C922A0919220055F58A /* IDAP_observerUITests.swift in Sources */ = {isa = PBXBuildFile; fileRef = 66D57C912A0919220055F58A /* IDAP_observerUITests.swift */; };
		66D57C942A0919220055F58A /* IDAP_observerUITestsLaunchTests.swift in Sources */ = {isa = PBXBuildFile; fileRef = 66D57C932A0919220055F58A /* IDAP_observerUITestsLaunchTests.swift */; };
		66D57CAD2A091E4B0055F58A /* Washer.swift in Sources */ = {isa = PBXBuildFile; fileRef = 66D57CAC2A091E4B0055F58A /* Washer.swift */; };
		66D57CAF2A091E4F0055F58A /* Accountant.swift in Sources */ = {isa = PBXBuildFile; fileRef = 66D57CAE2A091E4F0055F58A /* Accountant.swift */; };
		66D57CB12A091E520055F58A /* Director.swift in Sources */ = {isa = PBXBuildFile; fileRef = 66D57CB02A091E510055F58A /* Director.swift */; };
		66D57CB32A091E550055F58A /* Employee.swift in Sources */ = {isa = PBXBuildFile; fileRef = 66D57CB22A091E550055F58A /* Employee.swift */; };
/* End PBXBuildFile section */

/* Begin PBXContainerItemProxy section */
		66D57C842A0919220055F58A /* PBXContainerItemProxy */ = {
			isa = PBXContainerItemProxy;
			containerPortal = 66D57C652A0919200055F58A /* Project object */;
			proxyType = 1;
			remoteGlobalIDString = 66D57C6C2A0919200055F58A;
			remoteInfo = "IDAP-observer";
		};
		66D57C8E2A0919220055F58A /* PBXContainerItemProxy */ = {
			isa = PBXContainerItemProxy;
			containerPortal = 66D57C652A0919200055F58A /* Project object */;
			proxyType = 1;
			remoteGlobalIDString = 66D57C6C2A0919200055F58A;
			remoteInfo = "IDAP-observer";
		};
/* End PBXContainerItemProxy section */

/* Begin PBXFileReference section */
		660B16AA2A0957490054A7AF /* Car.swift */ = {isa = PBXFileReference; lastKnownFileType = sourcecode.swift; path = Car.swift; sourceTree = "<group>"; };
		660B16AC2A0957600054A7AF /* CarWash.swift */ = {isa = PBXFileReference; lastKnownFileType = sourcecode.swift; path = CarWash.swift; sourceTree = "<group>"; };
		660B16AE2A0957890054A7AF /* Money.swift */ = {isa = PBXFileReference; lastKnownFileType = sourcecode.swift; path = Money.swift; sourceTree = "<group>"; };
		66502E2D2A0AAC9000159B1B /* Weak.swift */ = {isa = PBXFileReference; lastKnownFileType = sourcecode.swift; path = Weak.swift; sourceTree = "<group>"; };
		66502E2F2A0B79BE00159B1B /* TradeSafeObservers.swift */ = {isa = PBXFileReference; lastKnownFileType = sourcecode.swift; path = TradeSafeObservers.swift; sourceTree = "<group>"; };
		66D57C6D2A0919200055F58A /* IDAP-observer.app */ = {isa = PBXFileReference; explicitFileType = wrapper.application; includeInIndex = 0; path = "IDAP-observer.app"; sourceTree = BUILT_PRODUCTS_DIR; };
		66D57C702A0919200055F58A /* AppDelegate.swift */ = {isa = PBXFileReference; lastKnownFileType = sourcecode.swift; path = AppDelegate.swift; sourceTree = "<group>"; };
		66D57C722A0919200055F58A /* SceneDelegate.swift */ = {isa = PBXFileReference; lastKnownFileType = sourcecode.swift; path = SceneDelegate.swift; sourceTree = "<group>"; };
		66D57C742A0919200055F58A /* ViewController.swift */ = {isa = PBXFileReference; lastKnownFileType = sourcecode.swift; path = ViewController.swift; sourceTree = "<group>"; };
		66D57C772A0919200055F58A /* Base */ = {isa = PBXFileReference; lastKnownFileType = file.storyboard; name = Base; path = Base.lproj/Main.storyboard; sourceTree = "<group>"; };
		66D57C792A0919220055F58A /* Assets.xcassets */ = {isa = PBXFileReference; lastKnownFileType = folder.assetcatalog; path = Assets.xcassets; sourceTree = "<group>"; };
		66D57C7C2A0919220055F58A /* Base */ = {isa = PBXFileReference; lastKnownFileType = file.storyboard; name = Base; path = Base.lproj/LaunchScreen.storyboard; sourceTree = "<group>"; };
		66D57C7E2A0919220055F58A /* Info.plist */ = {isa = PBXFileReference; lastKnownFileType = text.plist.xml; path = Info.plist; sourceTree = "<group>"; };
		66D57C832A0919220055F58A /* IDAP-observerTests.xctest */ = {isa = PBXFileReference; explicitFileType = wrapper.cfbundle; includeInIndex = 0; path = "IDAP-observerTests.xctest"; sourceTree = BUILT_PRODUCTS_DIR; };
		66D57C872A0919220055F58A /* IDAP_observerTests.swift */ = {isa = PBXFileReference; lastKnownFileType = sourcecode.swift; path = IDAP_observerTests.swift; sourceTree = "<group>"; };
		66D57C8D2A0919220055F58A /* IDAP-observerUITests.xctest */ = {isa = PBXFileReference; explicitFileType = wrapper.cfbundle; includeInIndex = 0; path = "IDAP-observerUITests.xctest"; sourceTree = BUILT_PRODUCTS_DIR; };
		66D57C912A0919220055F58A /* IDAP_observerUITests.swift */ = {isa = PBXFileReference; lastKnownFileType = sourcecode.swift; path = IDAP_observerUITests.swift; sourceTree = "<group>"; };
		66D57C932A0919220055F58A /* IDAP_observerUITestsLaunchTests.swift */ = {isa = PBXFileReference; lastKnownFileType = sourcecode.swift; path = IDAP_observerUITestsLaunchTests.swift; sourceTree = "<group>"; };
		66D57CAC2A091E4B0055F58A /* Washer.swift */ = {isa = PBXFileReference; lastKnownFileType = sourcecode.swift; path = Washer.swift; sourceTree = "<group>"; };
		66D57CAE2A091E4F0055F58A /* Accountant.swift */ = {isa = PBXFileReference; lastKnownFileType = sourcecode.swift; path = Accountant.swift; sourceTree = "<group>"; };
		66D57CB02A091E510055F58A /* Director.swift */ = {isa = PBXFileReference; lastKnownFileType = sourcecode.swift; path = Director.swift; sourceTree = "<group>"; };
		66D57CB22A091E550055F58A /* Employee.swift */ = {isa = PBXFileReference; lastKnownFileType = sourcecode.swift; path = Employee.swift; sourceTree = "<group>"; };
/* End PBXFileReference section */

/* Begin PBXFrameworksBuildPhase section */
		66D57C6A2A0919200055F58A /* Frameworks */ = {
			isa = PBXFrameworksBuildPhase;
			buildActionMask = 2147483647;
			files = (
			);
			runOnlyForDeploymentPostprocessing = 0;
		};
		66D57C802A0919220055F58A /* Frameworks */ = {
			isa = PBXFrameworksBuildPhase;
			buildActionMask = 2147483647;
			files = (
			);
			runOnlyForDeploymentPostprocessing = 0;
		};
		66D57C8A2A0919220055F58A /* Frameworks */ = {
			isa = PBXFrameworksBuildPhase;
			buildActionMask = 2147483647;
			files = (
			);
			runOnlyForDeploymentPostprocessing = 0;
		};
/* End PBXFrameworksBuildPhase section */

/* Begin PBXGroup section */
		66502E2C2A0AAC5F00159B1B /* Support */ = {
			isa = PBXGroup;
			children = (
				66502E2D2A0AAC9000159B1B /* Weak.swift */,
				66502E2F2A0B79BE00159B1B /* TradeSafeObservers.swift */,
			);
			path = Support;
			sourceTree = "<group>";
		};
		66D57C642A0919200055F58A = {
			isa = PBXGroup;
			children = (
				66D57C6F2A0919200055F58A /* IDAP-observer */,
				66D57C862A0919220055F58A /* IDAP-observerTests */,
				66D57C902A0919220055F58A /* IDAP-observerUITests */,
				66D57C6E2A0919200055F58A /* Products */,
			);
			sourceTree = "<group>";
		};
		66D57C6E2A0919200055F58A /* Products */ = {
			isa = PBXGroup;
			children = (
				66D57C6D2A0919200055F58A /* IDAP-observer.app */,
				66D57C832A0919220055F58A /* IDAP-observerTests.xctest */,
				66D57C8D2A0919220055F58A /* IDAP-observerUITests.xctest */,
			);
			name = Products;
			sourceTree = "<group>";
		};
		66D57C6F2A0919200055F58A /* IDAP-observer */ = {
			isa = PBXGroup;
			children = (
				66502E2C2A0AAC5F00159B1B /* Support */,
				66D57CB62A091EF00055F58A /* Resources */,
				66D57CB52A091EE10055F58A /* Views */,
				66D57CB42A091ECD0055F58A /* Controllers */,
				66D57CA22A091C6B0055F58A /* Models */,
				66D57C702A0919200055F58A /* AppDelegate.swift */,
				66D57C722A0919200055F58A /* SceneDelegate.swift */,
				66D57C7E2A0919220055F58A /* Info.plist */,
			);
			path = "IDAP-observer";
			sourceTree = "<group>";
		};
		66D57C862A0919220055F58A /* IDAP-observerTests */ = {
			isa = PBXGroup;
			children = (
				66D57C872A0919220055F58A /* IDAP_observerTests.swift */,
			);
			path = "IDAP-observerTests";
			sourceTree = "<group>";
		};
		66D57C902A0919220055F58A /* IDAP-observerUITests */ = {
			isa = PBXGroup;
			children = (
				66D57C912A0919220055F58A /* IDAP_observerUITests.swift */,
				66D57C932A0919220055F58A /* IDAP_observerUITestsLaunchTests.swift */,
			);
			path = "IDAP-observerUITests";
			sourceTree = "<group>";
		};
		66D57CA22A091C6B0055F58A /* Models */ = {
			isa = PBXGroup;
			children = (
				66D57CAB2A091E3D0055F58A /* Employees */,
				660B16AA2A0957490054A7AF /* Car.swift */,
				660B16AC2A0957600054A7AF /* CarWash.swift */,
				660B16AE2A0957890054A7AF /* Money.swift */,
			);
			path = Models;
			sourceTree = "<group>";
		};
		66D57CAB2A091E3D0055F58A /* Employees */ = {
			isa = PBXGroup;
			children = (
				66D57CAC2A091E4B0055F58A /* Washer.swift */,
				66D57CAE2A091E4F0055F58A /* Accountant.swift */,
				66D57CB02A091E510055F58A /* Director.swift */,
				66D57CB22A091E550055F58A /* Employee.swift */,
			);
			path = Employees;
			sourceTree = "<group>";
		};
		66D57CB42A091ECD0055F58A /* Controllers */ = {
			isa = PBXGroup;
			children = (
				66D57C742A0919200055F58A /* ViewController.swift */,
			);
			path = Controllers;
			sourceTree = "<group>";
		};
		66D57CB52A091EE10055F58A /* Views */ = {
			isa = PBXGroup;
			children = (
				66D57C762A0919200055F58A /* Main.storyboard */,
			);
			path = Views;
			sourceTree = "<group>";
		};
		66D57CB62A091EF00055F58A /* Resources */ = {
			isa = PBXGroup;
			children = (
				66D57C792A0919220055F58A /* Assets.xcassets */,
				66D57C7B2A0919220055F58A /* LaunchScreen.storyboard */,
			);
			path = Resources;
			sourceTree = "<group>";
		};
/* End PBXGroup section */

/* Begin PBXNativeTarget section */
		66D57C6C2A0919200055F58A /* IDAP-observer */ = {
			isa = PBXNativeTarget;
			buildConfigurationList = 66D57C972A0919220055F58A /* Build configuration list for PBXNativeTarget "IDAP-observer" */;
			buildPhases = (
				66D57C692A0919200055F58A /* Sources */,
				66D57C6A2A0919200055F58A /* Frameworks */,
				66D57C6B2A0919200055F58A /* Resources */,
			);
			buildRules = (
			);
			dependencies = (
			);
			name = "IDAP-observer";
			productName = "IDAP-observer";
			productReference = 66D57C6D2A0919200055F58A /* IDAP-observer.app */;
			productType = "com.apple.product-type.application";
		};
		66D57C822A0919220055F58A /* IDAP-observerTests */ = {
			isa = PBXNativeTarget;
			buildConfigurationList = 66D57C9A2A0919220055F58A /* Build configuration list for PBXNativeTarget "IDAP-observerTests" */;
			buildPhases = (
				66D57C7F2A0919220055F58A /* Sources */,
				66D57C802A0919220055F58A /* Frameworks */,
				66D57C812A0919220055F58A /* Resources */,
			);
			buildRules = (
			);
			dependencies = (
				66D57C852A0919220055F58A /* PBXTargetDependency */,
			);
			name = "IDAP-observerTests";
			productName = "IDAP-observerTests";
			productReference = 66D57C832A0919220055F58A /* IDAP-observerTests.xctest */;
			productType = "com.apple.product-type.bundle.unit-test";
		};
		66D57C8C2A0919220055F58A /* IDAP-observerUITests */ = {
			isa = PBXNativeTarget;
			buildConfigurationList = 66D57C9D2A0919220055F58A /* Build configuration list for PBXNativeTarget "IDAP-observerUITests" */;
			buildPhases = (
				66D57C892A0919220055F58A /* Sources */,
				66D57C8A2A0919220055F58A /* Frameworks */,
				66D57C8B2A0919220055F58A /* Resources */,
			);
			buildRules = (
			);
			dependencies = (
				66D57C8F2A0919220055F58A /* PBXTargetDependency */,
			);
			name = "IDAP-observerUITests";
			productName = "IDAP-observerUITests";
			productReference = 66D57C8D2A0919220055F58A /* IDAP-observerUITests.xctest */;
			productType = "com.apple.product-type.bundle.ui-testing";
		};
/* End PBXNativeTarget section */

/* Begin PBXProject section */
		66D57C652A0919200055F58A /* Project object */ = {
			isa = PBXProject;
			attributes = {
				BuildIndependentTargetsInParallel = 1;
				LastSwiftUpdateCheck = 1430;
				LastUpgradeCheck = 1430;
				TargetAttributes = {
					66D57C6C2A0919200055F58A = {
						CreatedOnToolsVersion = 14.3;
					};
					66D57C822A0919220055F58A = {
						CreatedOnToolsVersion = 14.3;
						TestTargetID = 66D57C6C2A0919200055F58A;
					};
					66D57C8C2A0919220055F58A = {
						CreatedOnToolsVersion = 14.3;
						TestTargetID = 66D57C6C2A0919200055F58A;
					};
				};
			};
			buildConfigurationList = 66D57C682A0919200055F58A /* Build configuration list for PBXProject "IDAP-observer" */;
			compatibilityVersion = "Xcode 14.0";
			developmentRegion = en;
			hasScannedForEncodings = 0;
			knownRegions = (
				en,
				Base,
			);
			mainGroup = 66D57C642A0919200055F58A;
			productRefGroup = 66D57C6E2A0919200055F58A /* Products */;
			projectDirPath = "";
			projectRoot = "";
			targets = (
				66D57C6C2A0919200055F58A /* IDAP-observer */,
				66D57C822A0919220055F58A /* IDAP-observerTests */,
				66D57C8C2A0919220055F58A /* IDAP-observerUITests */,
			);
		};
/* End PBXProject section */

/* Begin PBXResourcesBuildPhase section */
		66D57C6B2A0919200055F58A /* Resources */ = {
			isa = PBXResourcesBuildPhase;
			buildActionMask = 2147483647;
			files = (
				66D57C7D2A0919220055F58A /* LaunchScreen.storyboard in Resources */,
				66D57C7A2A0919220055F58A /* Assets.xcassets in Resources */,
				66D57C782A0919200055F58A /* Main.storyboard in Resources */,
			);
			runOnlyForDeploymentPostprocessing = 0;
		};
		66D57C812A0919220055F58A /* Resources */ = {
			isa = PBXResourcesBuildPhase;
			buildActionMask = 2147483647;
			files = (
			);
			runOnlyForDeploymentPostprocessing = 0;
		};
		66D57C8B2A0919220055F58A /* Resources */ = {
			isa = PBXResourcesBuildPhase;
			buildActionMask = 2147483647;
			files = (
			);
			runOnlyForDeploymentPostprocessing = 0;
		};
/* End PBXResourcesBuildPhase section */

/* Begin PBXSourcesBuildPhase section */
		66D57C692A0919200055F58A /* Sources */ = {
			isa = PBXSourcesBuildPhase;
			buildActionMask = 2147483647;
			files = (
				66D57CAD2A091E4B0055F58A /* Washer.swift in Sources */,
				66D57C752A0919200055F58A /* ViewController.swift in Sources */,
				660B16AF2A0957890054A7AF /* Money.swift in Sources */,
				66D57CB32A091E550055F58A /* Employee.swift in Sources */,
				66D57CAF2A091E4F0055F58A /* Accountant.swift in Sources */,
				66502E2E2A0AAC9000159B1B /* Weak.swift in Sources */,
				660B16AD2A0957600054A7AF /* CarWash.swift in Sources */,
				660B16AB2A0957490054A7AF /* Car.swift in Sources */,
				66D57C712A0919200055F58A /* AppDelegate.swift in Sources */,
				66502E302A0B79BE00159B1B /* TradeSafeObservers.swift in Sources */,
				66D57CB12A091E520055F58A /* Director.swift in Sources */,
				66D57C732A0919200055F58A /* SceneDelegate.swift in Sources */,
			);
			runOnlyForDeploymentPostprocessing = 0;
		};
		66D57C7F2A0919220055F58A /* Sources */ = {
			isa = PBXSourcesBuildPhase;
			buildActionMask = 2147483647;
			files = (
				66D57C882A0919220055F58A /* IDAP_observerTests.swift in Sources */,
			);
			runOnlyForDeploymentPostprocessing = 0;
		};
		66D57C892A0919220055F58A /* Sources */ = {
			isa = PBXSourcesBuildPhase;
			buildActionMask = 2147483647;
			files = (
				66D57C942A0919220055F58A /* IDAP_observerUITestsLaunchTests.swift in Sources */,
				66D57C922A0919220055F58A /* IDAP_observerUITests.swift in Sources */,
			);
			runOnlyForDeploymentPostprocessing = 0;
		};
/* End PBXSourcesBuildPhase section */

/* Begin PBXTargetDependency section */
		66D57C852A0919220055F58A /* PBXTargetDependency */ = {
			isa = PBXTargetDependency;
			target = 66D57C6C2A0919200055F58A /* IDAP-observer */;
			targetProxy = 66D57C842A0919220055F58A /* PBXContainerItemProxy */;
		};
		66D57C8F2A0919220055F58A /* PBXTargetDependency */ = {
			isa = PBXTargetDependency;
			target = 66D57C6C2A0919200055F58A /* IDAP-observer */;
			targetProxy = 66D57C8E2A0919220055F58A /* PBXContainerItemProxy */;
		};
/* End PBXTargetDependency section */

/* Begin PBXVariantGroup section */
		66D57C762A0919200055F58A /* Main.storyboard */ = {
			isa = PBXVariantGroup;
			children = (
				66D57C772A0919200055F58A /* Base */,
			);
			name = Main.storyboard;
			sourceTree = "<group>";
		};
		66D57C7B2A0919220055F58A /* LaunchScreen.storyboard */ = {
			isa = PBXVariantGroup;
			children = (
				66D57C7C2A0919220055F58A /* Base */,
			);
			name = LaunchScreen.storyboard;
			sourceTree = "<group>";
		};
/* End PBXVariantGroup section */

/* Begin XCBuildConfiguration section */
		66D57C952A0919220055F58A /* Debug */ = {
			isa = XCBuildConfiguration;
			buildSettings = {
				ALWAYS_SEARCH_USER_PATHS = NO;
				CLANG_ANALYZER_NONNULL = YES;
				CLANG_ANALYZER_NUMBER_OBJECT_CONVERSION = YES_AGGRESSIVE;
				CLANG_CXX_LANGUAGE_STANDARD = "gnu++20";
				CLANG_ENABLE_MODULES = YES;
				CLANG_ENABLE_OBJC_ARC = YES;
				CLANG_ENABLE_OBJC_WEAK = YES;
				CLANG_WARN_BLOCK_CAPTURE_AUTORELEASING = YES;
				CLANG_WARN_BOOL_CONVERSION = YES;
				CLANG_WARN_COMMA = YES;
				CLANG_WARN_CONSTANT_CONVERSION = YES;
				CLANG_WARN_DEPRECATED_OBJC_IMPLEMENTATIONS = YES;
				CLANG_WARN_DIRECT_OBJC_ISA_USAGE = YES_ERROR;
				CLANG_WARN_DOCUMENTATION_COMMENTS = YES;
				CLANG_WARN_EMPTY_BODY = YES;
				CLANG_WARN_ENUM_CONVERSION = YES;
				CLANG_WARN_INFINITE_RECURSION = YES;
				CLANG_WARN_INT_CONVERSION = YES;
				CLANG_WARN_NON_LITERAL_NULL_CONVERSION = YES;
				CLANG_WARN_OBJC_IMPLICIT_RETAIN_SELF = YES;
				CLANG_WARN_OBJC_LITERAL_CONVERSION = YES;
				CLANG_WARN_OBJC_ROOT_CLASS = YES_ERROR;
				CLANG_WARN_QUOTED_INCLUDE_IN_FRAMEWORK_HEADER = YES;
				CLANG_WARN_RANGE_LOOP_ANALYSIS = YES;
				CLANG_WARN_STRICT_PROTOTYPES = YES;
				CLANG_WARN_SUSPICIOUS_MOVE = YES;
				CLANG_WARN_UNGUARDED_AVAILABILITY = YES_AGGRESSIVE;
				CLANG_WARN_UNREACHABLE_CODE = YES;
				CLANG_WARN__DUPLICATE_METHOD_MATCH = YES;
				COPY_PHASE_STRIP = NO;
				DEBUG_INFORMATION_FORMAT = dwarf;
				ENABLE_STRICT_OBJC_MSGSEND = YES;
				ENABLE_TESTABILITY = YES;
				GCC_C_LANGUAGE_STANDARD = gnu11;
				GCC_DYNAMIC_NO_PIC = NO;
				GCC_NO_COMMON_BLOCKS = YES;
				GCC_OPTIMIZATION_LEVEL = 0;
				GCC_PREPROCESSOR_DEFINITIONS = (
					"DEBUG=1",
					"$(inherited)",
				);
				GCC_WARN_64_TO_32_BIT_CONVERSION = YES;
				GCC_WARN_ABOUT_RETURN_TYPE = YES_ERROR;
				GCC_WARN_UNDECLARED_SELECTOR = YES;
				GCC_WARN_UNINITIALIZED_AUTOS = YES_AGGRESSIVE;
				GCC_WARN_UNUSED_FUNCTION = YES;
				GCC_WARN_UNUSED_VARIABLE = YES;
				IPHONEOS_DEPLOYMENT_TARGET = 16.4;
				MTL_ENABLE_DEBUG_INFO = INCLUDE_SOURCE;
				MTL_FAST_MATH = YES;
				ONLY_ACTIVE_ARCH = YES;
				SDKROOT = iphoneos;
				SWIFT_ACTIVE_COMPILATION_CONDITIONS = DEBUG;
				SWIFT_OPTIMIZATION_LEVEL = "-Onone";
			};
			name = Debug;
		};
		66D57C962A0919220055F58A /* Release */ = {
			isa = XCBuildConfiguration;
			buildSettings = {
				ALWAYS_SEARCH_USER_PATHS = NO;
				CLANG_ANALYZER_NONNULL = YES;
				CLANG_ANALYZER_NUMBER_OBJECT_CONVERSION = YES_AGGRESSIVE;
				CLANG_CXX_LANGUAGE_STANDARD = "gnu++20";
				CLANG_ENABLE_MODULES = YES;
				CLANG_ENABLE_OBJC_ARC = YES;
				CLANG_ENABLE_OBJC_WEAK = YES;
				CLANG_WARN_BLOCK_CAPTURE_AUTORELEASING = YES;
				CLANG_WARN_BOOL_CONVERSION = YES;
				CLANG_WARN_COMMA = YES;
				CLANG_WARN_CONSTANT_CONVERSION = YES;
				CLANG_WARN_DEPRECATED_OBJC_IMPLEMENTATIONS = YES;
				CLANG_WARN_DIRECT_OBJC_ISA_USAGE = YES_ERROR;
				CLANG_WARN_DOCUMENTATION_COMMENTS = YES;
				CLANG_WARN_EMPTY_BODY = YES;
				CLANG_WARN_ENUM_CONVERSION = YES;
				CLANG_WARN_INFINITE_RECURSION = YES;
				CLANG_WARN_INT_CONVERSION = YES;
				CLANG_WARN_NON_LITERAL_NULL_CONVERSION = YES;
				CLANG_WARN_OBJC_IMPLICIT_RETAIN_SELF = YES;
				CLANG_WARN_OBJC_LITERAL_CONVERSION = YES;
				CLANG_WARN_OBJC_ROOT_CLASS = YES_ERROR;
				CLANG_WARN_QUOTED_INCLUDE_IN_FRAMEWORK_HEADER = YES;
				CLANG_WARN_RANGE_LOOP_ANALYSIS = YES;
				CLANG_WARN_STRICT_PROTOTYPES = YES;
				CLANG_WARN_SUSPICIOUS_MOVE = YES;
				CLANG_WARN_UNGUARDED_AVAILABILITY = YES_AGGRESSIVE;
				CLANG_WARN_UNREACHABLE_CODE = YES;
				CLANG_WARN__DUPLICATE_METHOD_MATCH = YES;
				COPY_PHASE_STRIP = NO;
				DEBUG_INFORMATION_FORMAT = "dwarf-with-dsym";
				ENABLE_NS_ASSERTIONS = NO;
				ENABLE_STRICT_OBJC_MSGSEND = YES;
				GCC_C_LANGUAGE_STANDARD = gnu11;
				GCC_NO_COMMON_BLOCKS = YES;
				GCC_WARN_64_TO_32_BIT_CONVERSION = YES;
				GCC_WARN_ABOUT_RETURN_TYPE = YES_ERROR;
				GCC_WARN_UNDECLARED_SELECTOR = YES;
				GCC_WARN_UNINITIALIZED_AUTOS = YES_AGGRESSIVE;
				GCC_WARN_UNUSED_FUNCTION = YES;
				GCC_WARN_UNUSED_VARIABLE = YES;
				IPHONEOS_DEPLOYMENT_TARGET = 16.4;
				MTL_ENABLE_DEBUG_INFO = NO;
				MTL_FAST_MATH = YES;
				SDKROOT = iphoneos;
				SWIFT_COMPILATION_MODE = wholemodule;
				SWIFT_OPTIMIZATION_LEVEL = "-O";
				VALIDATE_PRODUCT = YES;
			};
			name = Release;
		};
		66D57C982A0919220055F58A /* Debug */ = {
			isa = XCBuildConfiguration;
			buildSettings = {
				ASSETCATALOG_COMPILER_APPICON_NAME = AppIcon;
				ASSETCATALOG_COMPILER_GLOBAL_ACCENT_COLOR_NAME = AccentColor;
				CODE_SIGN_STYLE = Automatic;
				CURRENT_PROJECT_VERSION = 1;
				DEVELOPMENT_TEAM = ST823QU25Q;
				GENERATE_INFOPLIST_FILE = YES;
				INFOPLIST_FILE = "IDAP-observer/Info.plist";
				INFOPLIST_KEY_UIApplicationSupportsIndirectInputEvents = YES;
				INFOPLIST_KEY_UILaunchStoryboardName = LaunchScreen;
				INFOPLIST_KEY_UIMainStoryboardFile = Main;
				INFOPLIST_KEY_UISupportedInterfaceOrientations_iPad = "UIInterfaceOrientationPortrait UIInterfaceOrientationPortraitUpsideDown UIInterfaceOrientationLandscapeLeft UIInterfaceOrientationLandscapeRight";
				INFOPLIST_KEY_UISupportedInterfaceOrientations_iPhone = "UIInterfaceOrientationPortrait UIInterfaceOrientationLandscapeLeft UIInterfaceOrientationLandscapeRight";
				LD_RUNPATH_SEARCH_PATHS = (
					"$(inherited)",
					"@executable_path/Frameworks",
				);
				MARKETING_VERSION = 1.0;
				PRODUCT_BUNDLE_IDENTIFIER = "com.akula.IDAP-observer";
				PRODUCT_NAME = "$(TARGET_NAME)";
				SWIFT_EMIT_LOC_STRINGS = YES;
				SWIFT_VERSION = 5.0;
				TARGETED_DEVICE_FAMILY = "1,2";
			};
			name = Debug;
		};
		66D57C992A0919220055F58A /* Release */ = {
			isa = XCBuildConfiguration;
			buildSettings = {
				ASSETCATALOG_COMPILER_APPICON_NAME = AppIcon;
				ASSETCATALOG_COMPILER_GLOBAL_ACCENT_COLOR_NAME = AccentColor;
				CODE_SIGN_STYLE = Automatic;
				CURRENT_PROJECT_VERSION = 1;
				DEVELOPMENT_TEAM = ST823QU25Q;
				GENERATE_INFOPLIST_FILE = YES;
				INFOPLIST_FILE = "IDAP-observer/Info.plist";
				INFOPLIST_KEY_UIApplicationSupportsIndirectInputEvents = YES;
				INFOPLIST_KEY_UILaunchStoryboardName = LaunchScreen;
				INFOPLIST_KEY_UIMainStoryboardFile = Main;
				INFOPLIST_KEY_UISupportedInterfaceOrientations_iPad = "UIInterfaceOrientationPortrait UIInterfaceOrientationPortraitUpsideDown UIInterfaceOrientationLandscapeLeft UIInterfaceOrientationLandscapeRight";
				INFOPLIST_KEY_UISupportedInterfaceOrientations_iPhone = "UIInterfaceOrientationPortrait UIInterfaceOrientationLandscapeLeft UIInterfaceOrientationLandscapeRight";
				LD_RUNPATH_SEARCH_PATHS = (
					"$(inherited)",
					"@executable_path/Frameworks",
				);
				MARKETING_VERSION = 1.0;
				PRODUCT_BUNDLE_IDENTIFIER = "com.akula.IDAP-observer";
				PRODUCT_NAME = "$(TARGET_NAME)";
				SWIFT_EMIT_LOC_STRINGS = YES;
				SWIFT_VERSION = 5.0;
				TARGETED_DEVICE_FAMILY = "1,2";
			};
			name = Release;
		};
		66D57C9B2A0919220055F58A /* Debug */ = {
			isa = XCBuildConfiguration;
			buildSettings = {
				ALWAYS_EMBED_SWIFT_STANDARD_LIBRARIES = YES;
				BUNDLE_LOADER = "$(TEST_HOST)";
				CODE_SIGN_STYLE = Automatic;
				CURRENT_PROJECT_VERSION = 1;
				DEVELOPMENT_TEAM = ST823QU25Q;
				GENERATE_INFOPLIST_FILE = YES;
				IPHONEOS_DEPLOYMENT_TARGET = 16.4;
				MARKETING_VERSION = 1.0;
				PRODUCT_BUNDLE_IDENTIFIER = "com.akula.IDAP-observerTests";
				PRODUCT_NAME = "$(TARGET_NAME)";
				SWIFT_EMIT_LOC_STRINGS = NO;
				SWIFT_VERSION = 5.0;
				TARGETED_DEVICE_FAMILY = "1,2";
				TEST_HOST = "$(BUILT_PRODUCTS_DIR)/IDAP-observer.app/$(BUNDLE_EXECUTABLE_FOLDER_PATH)/IDAP-observer";
			};
			name = Debug;
		};
		66D57C9C2A0919220055F58A /* Release */ = {
			isa = XCBuildConfiguration;
			buildSettings = {
				ALWAYS_EMBED_SWIFT_STANDARD_LIBRARIES = YES;
				BUNDLE_LOADER = "$(TEST_HOST)";
				CODE_SIGN_STYLE = Automatic;
				CURRENT_PROJECT_VERSION = 1;
				DEVELOPMENT_TEAM = ST823QU25Q;
				GENERATE_INFOPLIST_FILE = YES;
				IPHONEOS_DEPLOYMENT_TARGET = 16.4;
				MARKETING_VERSION = 1.0;
				PRODUCT_BUNDLE_IDENTIFIER = "com.akula.IDAP-observerTests";
				PRODUCT_NAME = "$(TARGET_NAME)";
				SWIFT_EMIT_LOC_STRINGS = NO;
				SWIFT_VERSION = 5.0;
				TARGETED_DEVICE_FAMILY = "1,2";
				TEST_HOST = "$(BUILT_PRODUCTS_DIR)/IDAP-observer.app/$(BUNDLE_EXECUTABLE_FOLDER_PATH)/IDAP-observer";
			};
			name = Release;
		};
		66D57C9E2A0919220055F58A /* Debug */ = {
			isa = XCBuildConfiguration;
			buildSettings = {
				ALWAYS_EMBED_SWIFT_STANDARD_LIBRARIES = YES;
				CODE_SIGN_STYLE = Automatic;
				CURRENT_PROJECT_VERSION = 1;
				DEVELOPMENT_TEAM = ST823QU25Q;
				GENERATE_INFOPLIST_FILE = YES;
				MARKETING_VERSION = 1.0;
				PRODUCT_BUNDLE_IDENTIFIER = "com.akula.IDAP-observerUITests";
				PRODUCT_NAME = "$(TARGET_NAME)";
				SWIFT_EMIT_LOC_STRINGS = NO;
				SWIFT_VERSION = 5.0;
				TARGETED_DEVICE_FAMILY = "1,2";
				TEST_TARGET_NAME = "IDAP-observer";
			};
			name = Debug;
		};
		66D57C9F2A0919220055F58A /* Release */ = {
			isa = XCBuildConfiguration;
			buildSettings = {
				ALWAYS_EMBED_SWIFT_STANDARD_LIBRARIES = YES;
				CODE_SIGN_STYLE = Automatic;
				CURRENT_PROJECT_VERSION = 1;
				DEVELOPMENT_TEAM = ST823QU25Q;
				GENERATE_INFOPLIST_FILE = YES;
				MARKETING_VERSION = 1.0;
				PRODUCT_BUNDLE_IDENTIFIER = "com.akula.IDAP-observerUITests";
				PRODUCT_NAME = "$(TARGET_NAME)";
				SWIFT_EMIT_LOC_STRINGS = NO;
				SWIFT_VERSION = 5.0;
				TARGETED_DEVICE_FAMILY = "1,2";
				TEST_TARGET_NAME = "IDAP-observer";
			};
			name = Release;
		};
/* End XCBuildConfiguration section */

/* Begin XCConfigurationList section */
		66D57C682A0919200055F58A /* Build configuration list for PBXProject "IDAP-observer" */ = {
			isa = XCConfigurationList;
			buildConfigurations = (
				66D57C952A0919220055F58A /* Debug */,
				66D57C962A0919220055F58A /* Release */,
			);
			defaultConfigurationIsVisible = 0;
			defaultConfigurationName = Release;
		};
		66D57C972A0919220055F58A /* Build configuration list for PBXNativeTarget "IDAP-observer" */ = {
			isa = XCConfigurationList;
			buildConfigurations = (
				66D57C982A0919220055F58A /* Debug */,
				66D57C992A0919220055F58A /* Release */,
			);
			defaultConfigurationIsVisible = 0;
			defaultConfigurationName = Release;
		};
		66D57C9A2A0919220055F58A /* Build configuration list for PBXNativeTarget "IDAP-observerTests" */ = {
			isa = XCConfigurationList;
			buildConfigurations = (
				66D57C9B2A0919220055F58A /* Debug */,
				66D57C9C2A0919220055F58A /* Release */,
			);
			defaultConfigurationIsVisible = 0;
			defaultConfigurationName = Release;
		};
		66D57C9D2A0919220055F58A /* Build configuration list for PBXNativeTarget "IDAP-observerUITests" */ = {
			isa = XCConfigurationList;
			buildConfigurations = (
				66D57C9E2A0919220055F58A /* Debug */,
				66D57C9F2A0919220055F58A /* Release */,
			);
			defaultConfigurationIsVisible = 0;
			defaultConfigurationName = Release;
		};
/* End XCConfigurationList section */
	};
	rootObject = 66D57C652A0919200055F58A /* Project object */;
}
